// !$*UTF8*$!
{
	archiveVersion = 1;
	classes = {
	};
	objectVersion = 50;
	objects = {

/* Begin PBXBuildFile section */
		1023A94525B112920035968F /* SwiftUICustomModifierApp.swift in Sources */ = {isa = PBXBuildFile; fileRef = 1023A94425B112920035968F /* SwiftUICustomModifierApp.swift */; };
		1023A94725B112920035968F /* Example4.swift in Sources */ = {isa = PBXBuildFile; fileRef = 1023A94625B112920035968F /* Example4.swift */; };
		1023A94925B1129A0035968F /* Assets.xcassets in Resources */ = {isa = PBXBuildFile; fileRef = 1023A94825B1129A0035968F /* Assets.xcassets */; };
		1023A94C25B1129A0035968F /* Preview Assets.xcassets in Resources */ = {isa = PBXBuildFile; fileRef = 1023A94B25B1129A0035968F /* Preview Assets.xcassets */; };
		1023A95525B112B40035968F /* Extensions.swift in Sources */ = {isa = PBXBuildFile; fileRef = 1023A95425B112B40035968F /* Extensions.swift */; };
		1023A95C25B138C20035968F /* Example3.swift in Sources */ = {isa = PBXBuildFile; fileRef = 1023A95B25B138C20035968F /* Example3.swift */; };
		1023A96125B290820035968F /* Example1.swift in Sources */ = {isa = PBXBuildFile; fileRef = 1023A96025B290820035968F /* Example1.swift */; };
		1023A96425B2E1B00035968F /* CustomActivityIndicator.swift in Sources */ = {isa = PBXBuildFile; fileRef = 1023A96325B2E1B00035968F /* CustomActivityIndicator.swift */; };
		1023A96925B2E9ED0035968F /* MenuView.swift in Sources */ = {isa = PBXBuildFile; fileRef = 1023A96825B2E9ED0035968F /* MenuView.swift */; };
		1023A97025B420BE0035968F /* Example2.swift in Sources */ = {isa = PBXBuildFile; fileRef = 1023A96F25B420BE0035968F /* Example2.swift */; };
/* End PBXBuildFile section */

/* Begin PBXFileReference section */
		1023A94125B112920035968F /* SwiftUICustomModifier.app */ = {isa = PBXFileReference; explicitFileType = wrapper.application; includeInIndex = 0; path = SwiftUICustomModifier.app; sourceTree = BUILT_PRODUCTS_DIR; };
		1023A94425B112920035968F /* SwiftUICustomModifierApp.swift */ = {isa = PBXFileReference; lastKnownFileType = sourcecode.swift; path = SwiftUICustomModifierApp.swift; sourceTree = "<group>"; };
		1023A94625B112920035968F /* Example4.swift */ = {isa = PBXFileReference; lastKnownFileType = sourcecode.swift; path = Example4.swift; sourceTree = "<group>"; };
		1023A94825B1129A0035968F /* Assets.xcassets */ = {isa = PBXFileReference; lastKnownFileType = folder.assetcatalog; path = Assets.xcassets; sourceTree = "<group>"; };
		1023A94B25B1129A0035968F /* Preview Assets.xcassets */ = {isa = PBXFileReference; lastKnownFileType = folder.assetcatalog; path = "Preview Assets.xcassets"; sourceTree = "<group>"; };
		1023A94D25B1129A0035968F /* Info.plist */ = {isa = PBXFileReference; lastKnownFileType = text.plist.xml; path = Info.plist; sourceTree = "<group>"; };
		1023A95425B112B40035968F /* Extensions.swift */ = {isa = PBXFileReference; lastKnownFileType = sourcecode.swift; path = Extensions.swift; sourceTree = "<group>"; };
		1023A95B25B138C20035968F /* Example3.swift */ = {isa = PBXFileReference; lastKnownFileType = sourcecode.swift; path = Example3.swift; sourceTree = "<group>"; };
		1023A96025B290820035968F /* Example1.swift */ = {isa = PBXFileReference; lastKnownFileType = sourcecode.swift; path = Example1.swift; sourceTree = "<group>"; };
		1023A96325B2E1B00035968F /* CustomActivityIndicator.swift */ = {isa = PBXFileReference; lastKnownFileType = sourcecode.swift; path = CustomActivityIndicator.swift; sourceTree = "<group>"; };
		1023A96825B2E9ED0035968F /* MenuView.swift */ = {isa = PBXFileReference; lastKnownFileType = sourcecode.swift; path = MenuView.swift; sourceTree = "<group>"; };
		1023A96F25B420BE0035968F /* Example2.swift */ = {isa = PBXFileReference; lastKnownFileType = sourcecode.swift; path = Example2.swift; sourceTree = "<group>"; };
/* End PBXFileReference section */

/* Begin PBXFrameworksBuildPhase section */
		1023A93E25B112920035968F /* Frameworks */ = {
			isa = PBXFrameworksBuildPhase;
			buildActionMask = 2147483647;
			files = (
			);
			runOnlyForDeploymentPostprocessing = 0;
		};
/* End PBXFrameworksBuildPhase section */

/* Begin PBXGroup section */
		1023A93825B112910035968F = {
			isa = PBXGroup;
			children = (
				1023A94325B112920035968F /* SwiftUICustomModifier */,
				1023A94225B112920035968F /* Products */,
			);
			sourceTree = "<group>";
		};
		1023A94225B112920035968F /* Products */ = {
			isa = PBXGroup;
			children = (
				1023A94125B112920035968F /* SwiftUICustomModifier.app */,
			);
			name = Products;
			sourceTree = "<group>";
		};
		1023A94325B112920035968F /* SwiftUICustomModifier */ = {
			isa = PBXGroup;
			children = (
				1023A94425B112920035968F /* SwiftUICustomModifierApp.swift */,
				1023A94625B112920035968F /* Example4.swift */,
				1023A95B25B138C20035968F /* Example3.swift */,
				1023A96F25B420BE0035968F /* Example2.swift */,
				1023A96825B2E9ED0035968F /* MenuView.swift */,
				1023A96025B290820035968F /* Example1.swift */,
				1023A96325B2E1B00035968F /* CustomActivityIndicator.swift */,
				1023A95425B112B40035968F /* Extensions.swift */,
				1023A94825B1129A0035968F /* Assets.xcassets */,
				1023A94D25B1129A0035968F /* Info.plist */,
				1023A94A25B1129A0035968F /* Preview Content */,
			);
			path = SwiftUICustomModifier;
			sourceTree = "<group>";
		};
		1023A94A25B1129A0035968F /* Preview Content */ = {
			isa = PBXGroup;
			children = (
				1023A94B25B1129A0035968F /* Preview Assets.xcassets */,
			);
			path = "Preview Content";
			sourceTree = "<group>";
		};
/* End PBXGroup section */

/* Begin PBXNativeTarget section */
		1023A94025B112920035968F /* SwiftUICustomModifier */ = {
			isa = PBXNativeTarget;
			buildConfigurationList = 1023A95025B1129A0035968F /* Build configuration list for PBXNativeTarget "SwiftUICustomModifier" */;
			buildPhases = (
				1023A93D25B112920035968F /* Sources */,
				1023A93E25B112920035968F /* Frameworks */,
				1023A93F25B112920035968F /* Resources */,
			);
			buildRules = (
			);
			dependencies = (
			);
			name = SwiftUICustomModifier;
			productName = SwiftUICustomModifier;
			productReference = 1023A94125B112920035968F /* SwiftUICustomModifier.app */;
			productType = "com.apple.product-type.application";
		};
/* End PBXNativeTarget section */

/* Begin PBXProject section */
		1023A93925B112910035968F /* Project object */ = {
			isa = PBXProject;
			attributes = {
				LastSwiftUpdateCheck = 1220;
				LastUpgradeCheck = 1220;
				TargetAttributes = {
					1023A94025B112920035968F = {
						CreatedOnToolsVersion = 12.2;
					};
				};
			};
			buildConfigurationList = 1023A93C25B112910035968F /* Build configuration list for PBXProject "SwiftUICustomModifier" */;
			compatibilityVersion = "Xcode 9.3";
			developmentRegion = en;
			hasScannedForEncodings = 0;
			knownRegions = (
				en,
				Base,
			);
			mainGroup = 1023A93825B112910035968F;
			productRefGroup = 1023A94225B112920035968F /* Products */;
			projectDirPath = "";
			projectRoot = "";
			targets = (
				1023A94025B112920035968F /* SwiftUICustomModifier */,
			);
		};
/* End PBXProject section */

/* Begin PBXResourcesBuildPhase section */
		1023A93F25B112920035968F /* Resources */ = {
			isa = PBXResourcesBuildPhase;
			buildActionMask = 2147483647;
			files = (
				1023A94C25B1129A0035968F /* Preview Assets.xcassets in Resources */,
				1023A94925B1129A0035968F /* Assets.xcassets in Resources */,
			);
			runOnlyForDeploymentPostprocessing = 0;
		};
/* End PBXResourcesBuildPhase section */

/* Begin PBXSourcesBuildPhase section */
		1023A93D25B112920035968F /* Sources */ = {
			isa = PBXSourcesBuildPhase;
			buildActionMask = 2147483647;
			files = (
				1023A96925B2E9ED0035968F /* MenuView.swift in Sources */,
				1023A94725B112920035968F /* Example4.swift in Sources */,
				1023A95525B112B40035968F /* Extensions.swift in Sources */,
				1023A96425B2E1B00035968F /* CustomActivityIndicator.swift in Sources */,
				1023A94525B112920035968F /* SwiftUICustomModifierApp.swift in Sources */,
				1023A96125B290820035968F /* Example1.swift in Sources */,
				1023A95C25B138C20035968F /* Example3.swift in Sources */,
				1023A97025B420BE0035968F /* Example2.swift in Sources */,
			);
			runOnlyForDeploymentPostprocessing = 0;
		};
/* End PBXSourcesBuildPhase section */

/* Begin XCBuildConfiguration section */
		1023A94E25B1129A0035968F /* Debug */ = {
			isa = XCBuildConfiguration;
			buildSettings = {
				ALWAYS_SEARCH_USER_PATHS = NO;
				CLANG_ANALYZER_NONNULL = YES;
				CLANG_ANALYZER_NUMBER_OBJECT_CONVERSION = YES_AGGRESSIVE;
				CLANG_CXX_LANGUAGE_STANDARD = "gnu++14";
				CLANG_CXX_LIBRARY = "libc++";
				CLANG_ENABLE_MODULES = YES;
				CLANG_ENABLE_OBJC_ARC = YES;
				CLANG_ENABLE_OBJC_WEAK = YES;
				CLANG_WARN_BLOCK_CAPTURE_AUTORELEASING = YES;
				CLANG_WARN_BOOL_CONVERSION = YES;
				CLANG_WARN_COMMA = YES;
				CLANG_WARN_CONSTANT_CONVERSION = YES;
				CLANG_WARN_DEPRECATED_OBJC_IMPLEMENTATIONS = YES;
				CLANG_WARN_DIRECT_OBJC_ISA_USAGE = YES_ERROR;
				CLANG_WARN_DOCUMENTATION_COMMENTS = YES;
				CLANG_WARN_EMPTY_BODY = YES;
				CLANG_WARN_ENUM_CONVERSION = YES;
				CLANG_WARN_INFINITE_RECURSION = YES;
				CLANG_WARN_INT_CONVERSION = YES;
				CLANG_WARN_NON_LITERAL_NULL_CONVERSION = YES;
				CLANG_WARN_OBJC_IMPLICIT_RETAIN_SELF = YES;
				CLANG_WARN_OBJC_LITERAL_CONVERSION = YES;
				CLANG_WARN_OBJC_ROOT_CLASS = YES_ERROR;
				CLANG_WARN_QUOTED_INCLUDE_IN_FRAMEWORK_HEADER = YES;
				CLANG_WARN_RANGE_LOOP_ANALYSIS = YES;
				CLANG_WARN_STRICT_PROTOTYPES = YES;
				CLANG_WARN_SUSPICIOUS_MOVE = YES;
				CLANG_WARN_UNGUARDED_AVAILABILITY = YES_AGGRESSIVE;
				CLANG_WARN_UNREACHABLE_CODE = YES;
				CLANG_WARN__DUPLICATE_METHOD_MATCH = YES;
				COPY_PHASE_STRIP = NO;
				DEBUG_INFORMATION_FORMAT = dwarf;
				ENABLE_STRICT_OBJC_MSGSEND = YES;
				ENABLE_TESTABILITY = YES;
				GCC_C_LANGUAGE_STANDARD = gnu11;
				GCC_DYNAMIC_NO_PIC = NO;
				GCC_NO_COMMON_BLOCKS = YES;
				GCC_OPTIMIZATION_LEVEL = 0;
				GCC_PREPROCESSOR_DEFINITIONS = (
					"DEBUG=1",
					"$(inherited)",
				);
				GCC_WARN_64_TO_32_BIT_CONVERSION = YES;
				GCC_WARN_ABOUT_RETURN_TYPE = YES_ERROR;
				GCC_WARN_UNDECLARED_SELECTOR = YES;
				GCC_WARN_UNINITIALIZED_AUTOS = YES_AGGRESSIVE;
				GCC_WARN_UNUSED_FUNCTION = YES;
				GCC_WARN_UNUSED_VARIABLE = YES;
				IPHONEOS_DEPLOYMENT_TARGET = 14.2;
				MTL_ENABLE_DEBUG_INFO = INCLUDE_SOURCE;
				MTL_FAST_MATH = YES;
				ONLY_ACTIVE_ARCH = YES;
				SDKROOT = iphoneos;
				SWIFT_ACTIVE_COMPILATION_CONDITIONS = DEBUG;
				SWIFT_OPTIMIZATION_LEVEL = "-Onone";
			};
			name = Debug;
		};
		1023A94F25B1129A0035968F /* Release */ = {
			isa = XCBuildConfiguration;
			buildSettings = {
				ALWAYS_SEARCH_USER_PATHS = NO;
				CLANG_ANALYZER_NONNULL = YES;
				CLANG_ANALYZER_NUMBER_OBJECT_CONVERSION = YES_AGGRESSIVE;
				CLANG_CXX_LANGUAGE_STANDARD = "gnu++14";
				CLANG_CXX_LIBRARY = "libc++";
				CLANG_ENABLE_MODULES = YES;
				CLANG_ENABLE_OBJC_ARC = YES;
				CLANG_ENABLE_OBJC_WEAK = YES;
				CLANG_WARN_BLOCK_CAPTURE_AUTORELEASING = YES;
				CLANG_WARN_BOOL_CONVERSION = YES;
				CLANG_WARN_COMMA = YES;
				CLANG_WARN_CONSTANT_CONVERSION = YES;
				CLANG_WARN_DEPRECATED_OBJC_IMPLEMENTATIONS = YES;
				CLANG_WARN_DIRECT_OBJC_ISA_USAGE = YES_ERROR;
				CLANG_WARN_DOCUMENTATION_COMMENTS = YES;
				CLANG_WARN_EMPTY_BODY = YES;
				CLANG_WARN_ENUM_CONVERSION = YES;
				CLANG_WARN_INFINITE_RECURSION = YES;
				CLANG_WARN_INT_CONVERSION = YES;
				CLANG_WARN_NON_LITERAL_NULL_CONVERSION = YES;
				CLANG_WARN_OBJC_IMPLICIT_RETAIN_SELF = YES;
				CLANG_WARN_OBJC_LITERAL_CONVERSION = YES;
				CLANG_WARN_OBJC_ROOT_CLASS = YES_ERROR;
				CLANG_WARN_QUOTED_INCLUDE_IN_FRAMEWORK_HEADER = YES;
				CLANG_WARN_RANGE_LOOP_ANALYSIS = YES;
				CLANG_WARN_STRICT_PROTOTYPES = YES;
				CLANG_WARN_SUSPICIOUS_MOVE = YES;
				CLANG_WARN_UNGUARDED_AVAILABILITY = YES_AGGRESSIVE;
				CLANG_WARN_UNREACHABLE_CODE = YES;
				CLANG_WARN__DUPLICATE_METHOD_MATCH = YES;
				COPY_PHASE_STRIP = NO;
				DEBUG_INFORMATION_FORMAT = "dwarf-with-dsym";
				ENABLE_NS_ASSERTIONS = NO;
				ENABLE_STRICT_OBJC_MSGSEND = YES;
				GCC_C_LANGUAGE_STANDARD = gnu11;
				GCC_NO_COMMON_BLOCKS = YES;
				GCC_WARN_64_TO_32_BIT_CONVERSION = YES;
				GCC_WARN_ABOUT_RETURN_TYPE = YES_ERROR;
				GCC_WARN_UNDECLARED_SELECTOR = YES;
				GCC_WARN_UNINITIALIZED_AUTOS = YES_AGGRESSIVE;
				GCC_WARN_UNUSED_FUNCTION = YES;
				GCC_WARN_UNUSED_VARIABLE = YES;
				IPHONEOS_DEPLOYMENT_TARGET = 14.2;
				MTL_ENABLE_DEBUG_INFO = NO;
				MTL_FAST_MATH = YES;
				SDKROOT = iphoneos;
				SWIFT_COMPILATION_MODE = wholemodule;
				SWIFT_OPTIMIZATION_LEVEL = "-O";
				VALIDATE_PRODUCT = YES;
			};
			name = Release;
		};
		1023A95125B1129A0035968F /* Debug */ = {
			isa = XCBuildConfiguration;
			buildSettings = {
				ASSETCATALOG_COMPILER_APPICON_NAME = AppIcon;
				ASSETCATALOG_COMPILER_GLOBAL_ACCENT_COLOR_NAME = AccentColor;
				CODE_SIGN_STYLE = Automatic;
				DEVELOPMENT_ASSET_PATHS = "\"SwiftUICustomModifier/Preview Content\"";
				DEVELOPMENT_TEAM = 69FAF79796;
				ENABLE_PREVIEWS = YES;
				INFOPLIST_FILE = SwiftUICustomModifier/Info.plist;
				IPHONEOS_DEPLOYMENT_TARGET = 14.0;
				LD_RUNPATH_SEARCH_PATHS = (
					"$(inherited)",
					"@executable_path/Frameworks",
				);
				PRODUCT_BUNDLE_IDENTIFIER = com.techchee.apps.swiftuitut.SwiftUICustomModifier;
				PRODUCT_NAME = "$(TARGET_NAME)";
				SWIFT_VERSION = 5.0;
				TARGETED_DEVICE_FAMILY = "1,2";
			};
			name = Debug;
		};
		1023A95225B1129A0035968F /* Release */ = {
			isa = XCBuildConfiguration;
			buildSettings = {
				ASSETCATALOG_COMPILER_APPICON_NAME = AppIcon;
				ASSETCATALOG_COMPILER_GLOBAL_ACCENT_COLOR_NAME = AccentColor;
				CODE_SIGN_STYLE = Automatic;
				DEVELOPMENT_ASSET_PATHS = "\"SwiftUICustomModifier/Preview Content\"";
				DEVELOPMENT_TEAM = 69FAF79796;
				ENABLE_PREVIEWS = YES;
				INFOPLIST_FILE = SwiftUICustomModifier/Info.plist;
				IPHONEOS_DEPLOYMENT_TARGET = 14.0;
				LD_RUNPATH_SEARCH_PATHS = (
					"$(inherited)",
					"@executable_path/Frameworks",
				);
				PRODUCT_BUNDLE_IDENTIFIER = com.techchee.apps.swiftuitut.SwiftUICustomModifier;
				PRODUCT_NAME = "$(TARGET_NAME)";
				SWIFT_VERSION = 5.0;
				TARGETED_DEVICE_FAMILY = "1,2";
			};
			name = Release;
		};
/* End XCBuildConfiguration section */

/* Begin XCConfigurationList section */
		1023A93C25B112910035968F /* Build configuration list for PBXProject "SwiftUICustomModifier" */ = {
			isa = XCConfigurationList;
			buildConfigurations = (
				1023A94E25B1129A0035968F /* Debug */,
				1023A94F25B1129A0035968F /* Release */,
			);
			defaultConfigurationIsVisible = 0;
			defaultConfigurationName = Release;
		};
		1023A95025B1129A0035968F /* Build configuration list for PBXNativeTarget "SwiftUICustomModifier" */ = {
			isa = XCConfigurationList;
			buildConfigurations = (
				1023A95125B1129A0035968F /* Debug */,
				1023A95225B1129A0035968F /* Release */,
			);
			defaultConfigurationIsVisible = 0;
			defaultConfigurationName = Release;
		};
/* End XCConfigurationList section */
	};
	rootObject = 1023A93925B112910035968F /* Project object */;
}
